Microsoft Visual Studio Solution File, Format Version 12.00
# Visual Studio Version 17
VisualStudioVersion = 17.13.35825.156
MinimumVisualStudioVersion = 10.0.40219.1
Project("{FAE04EC0-301F-11D3-BF4B-00C04F79EFBC}") = "RSISensor", "RSISensor.csproj", "{42902A87-60BB-45A7-AA88-4942E84078D0}"
EndProject
Project("{FAE04EC0-301F-11D3-BF4B-00C04F79EFBC}") = "KUKA_RSI", "..\KUKA_RSI\KUKA_RSI.csproj", "{9C6D5A79-ABA5-ED69-94C0-1D5C1A300853}"
EndProject
Global
	GlobalSection(SolutionConfigurationPlatforms) = preSolution
		Debug|Any CPU = Debug|Any CPU
		Release|Any CPU = Release|Any CPU
	EndGlobalSection
	GlobalSection(ProjectConfigurationPlatforms) = postSolution
		{42902A87-60BB-45A7-AA88-4942E84078D0}.Debug|Any CPU.ActiveCfg = Debug|Any CPU
		{42902A87-60BB-45A7-AA88-4942E84078D0}.Debug|Any CPU.Build.0 = Debug|Any CPU
		{42902A87-60BB-45A7-AA88-4942E84078D0}.Release|Any CPU.ActiveCfg = Release|Any CPU
		{42902A87-60BB-45A7-AA88-4942E84078D0}.Release|Any CPU.Build.0 = Release|Any CPU
		{9C6D5A79-ABA5-ED69-94C0-1D5C1A300853}.Debug|Any CPU.ActiveCfg = Debug|Any CPU
		{9C6D5A79-ABA5-ED69-94C0-1D5C1A300853}.Debug|Any CPU.Build.0 = Debug|Any CPU
		{9C6D5A79-ABA5-ED69-94C0-1D5C1A300853}.Release|Any CPU.ActiveCfg = Release|Any CPU
		{9C6D5A79-ABA5-ED69-94C0-1D5C1A300853}.Release|Any CPU.Build.0 = Release|Any CPU
	EndGlobalSection
	GlobalSection(SolutionProperties) = preSolution
		HideSolutionNode = FALSE
	EndGlobalSection
	GlobalSection(ExtensibilityGlobals) = postSolution
		SolutionGuid = {892F3D60-98FB-4A8E-B5A6-A21922FF07E2}
	EndGlobalSection
EndGlobal
